
Microsoft Visual Studio Solution File, Format Version 12.00
# Visual Studio Version 17
VisualStudioVersion = 17.5.33424.131
MinimumVisualStudioVersion = 10.0.40219.1
Project("{FAE04EC0-301F-11D3-BF4B-00C04F79EFBC}") = "MedNow.Api", "MedNow.Api\MedNow.Api.csproj", "{7A8577F5-07EB-4ADD-A9CD-CCAF2A465594}"
EndProject
Project("{9A19103F-16F7-4668-BE54-9A1E7A4F7556}") = "MedNow.Domain", "MedNow.Domain\MedNow.Domain.csproj", "{08193FF4-957C-463F-AF32-0EF73C91D5F0}"
EndProject
Project("{FAE04EC0-301F-11D3-BF4B-00C04F79EFBC}") = "MedNow.Infra", "MedNow.Infra\MedNow.Infra.csproj", "{F4F6A563-D578-45B3-A494-A53F0E512B32}"
EndProject
Project("{9A19103F-16F7-4668-BE54-9A1E7A4F7556}") = "MedNow.Application", "MedNow.Application\MedNow.Application.csproj", "{F4FB2CBE-174A-4704-8820-382CD5545E9E}"
EndProject
Global
	GlobalSection(SolutionConfigurationPlatforms) = preSolution
		Debug|Any CPU = Debug|Any CPU
		Release|Any CPU = Release|Any CPU
	EndGlobalSection
	GlobalSection(ProjectConfigurationPlatforms) = postSolution
		{7A8577F5-07EB-4ADD-A9CD-CCAF2A465594}.Debug|Any CPU.ActiveCfg = Debug|Any CPU
		{7A8577F5-07EB-4ADD-A9CD-CCAF2A465594}.Debug|Any CPU.Build.0 = Debug|Any CPU
		{7A8577F5-07EB-4ADD-A9CD-CCAF2A465594}.Release|Any CPU.ActiveCfg = Release|Any CPU
		{7A8577F5-07EB-4ADD-A9CD-CCAF2A465594}.Release|Any CPU.Build.0 = Release|Any CPU
		{08193FF4-957C-463F-AF32-0EF73C91D5F0}.Debug|Any CPU.ActiveCfg = Debug|Any CPU
		{08193FF4-957C-463F-AF32-0EF73C91D5F0}.Debug|Any CPU.Build.0 = Debug|Any CPU
		{08193FF4-957C-463F-AF32-0EF73C91D5F0}.Release|Any CPU.ActiveCfg = Release|Any CPU
		{08193FF4-957C-463F-AF32-0EF73C91D5F0}.Release|Any CPU.Build.0 = Release|Any CPU
		{F4F6A563-D578-45B3-A494-A53F0E512B32}.Debug|Any CPU.ActiveCfg = Debug|Any CPU
		{F4F6A563-D578-45B3-A494-A53F0E512B32}.Debug|Any CPU.Build.0 = Debug|Any CPU
		{F4F6A563-D578-45B3-A494-A53F0E512B32}.Release|Any CPU.ActiveCfg = Release|Any CPU
		{F4F6A563-D578-45B3-A494-A53F0E512B32}.Release|Any CPU.Build.0 = Release|Any CPU
		{F4FB2CBE-174A-4704-8820-382CD5545E9E}.Debug|Any CPU.ActiveCfg = Debug|Any CPU
		{F4FB2CBE-174A-4704-8820-382CD5545E9E}.Debug|Any CPU.Build.0 = Debug|Any CPU
		{F4FB2CBE-174A-4704-8820-382CD5545E9E}.Release|Any CPU.ActiveCfg = Release|Any CPU
		{F4FB2CBE-174A-4704-8820-382CD5545E9E}.Release|Any CPU.Build.0 = Release|Any CPU
	EndGlobalSection
	GlobalSection(SolutionProperties) = preSolution
		HideSolutionNode = FALSE
	EndGlobalSection
	GlobalSection(ExtensibilityGlobals) = postSolution
		SolutionGuid = {CE9003AC-B2ED-419C-9DB5-3338973326F1}
	EndGlobalSection
EndGlobal
